// !$*UTF8*$!
{
	archiveVersion = 1;
	classes = {
	};
	objectVersion = 46;
	objects = {

/* Begin PBXBuildFile section */
		FD258B9F1F72284B00E73E7F /* AppDelegate.swift in Sources */ = {isa = PBXBuildFile; fileRef = FD258B9E1F72284B00E73E7F /* AppDelegate.swift */; };
		FD258BA11F72284B00E73E7F /* ViewController.swift in Sources */ = {isa = PBXBuildFile; fileRef = FD258BA01F72284B00E73E7F /* ViewController.swift */; };
		FD258BA41F72284B00E73E7F /* Main.storyboard in Resources */ = {isa = PBXBuildFile; fileRef = FD258BA21F72284B00E73E7F /* Main.storyboard */; };
		FD258BA61F72284B00E73E7F /* Assets.xcassets in Resources */ = {isa = PBXBuildFile; fileRef = FD258BA51F72284B00E73E7F /* Assets.xcassets */; };
		FD258BA91F72284B00E73E7F /* LaunchScreen.storyboard in Resources */ = {isa = PBXBuildFile; fileRef = FD258BA71F72284B00E73E7F /* LaunchScreen.storyboard */; };
/* End PBXBuildFile section */

/* Begin PBXFileReference section */
		FD258B9B1F72284B00E73E7F /* 03.View.app */ = {isa = PBXFileReference; explicitFileType = wrapper.application; includeInIndex = 0; path = 03.View.app; sourceTree = BUILT_PRODUCTS_DIR; };
		FD258B9E1F72284B00E73E7F /* AppDelegate.swift */ = {isa = PBXFileReference; lastKnownFileType = sourcecode.swift; path = AppDelegate.swift; sourceTree = "<group>"; };
		FD258BA01F72284B00E73E7F /* ViewController.swift */ = {isa = PBXFileReference; lastKnownFileType = sourcecode.swift; path = ViewController.swift; sourceTree = "<group>"; };
		FD258BA31F72284B00E73E7F /* Base */ = {isa = PBXFileReference; lastKnownFileType = file.storyboard; name = Base; path = Base.lproj/Main.storyboard; sourceTree = "<group>"; };
		FD258BA51F72284B00E73E7F /* Assets.xcassets */ = {isa = PBXFileReference; lastKnownFileType = folder.assetcatalog; path = Assets.xcassets; sourceTree = "<group>"; };
		FD258BA81F72284B00E73E7F /* Base */ = {isa = PBXFileReference; lastKnownFileType = file.storyboard; name = Base; path = Base.lproj/LaunchScreen.storyboard; sourceTree = "<group>"; };
		FD258BAA1F72284B00E73E7F /* Info.plist */ = {isa = PBXFileReference; lastKnownFileType = text.plist.xml; path = Info.plist; sourceTree = "<group>"; };
/* End PBXFileReference section */

/* Begin PBXFrameworksBuildPhase section */
		FD258B981F72284B00E73E7F /* Frameworks */ = {
			isa = PBXFrameworksBuildPhase;
			buildActionMask = 2147483647;
			files = (
			);
			runOnlyForDeploymentPostprocessing = 0;
		};
/* End PBXFrameworksBuildPhase section */

/* Begin PBXGroup section */
		FD258B921F72284B00E73E7F = {
			isa = PBXGroup;
			children = (
				FD258B9D1F72284B00E73E7F /* 03.View */,
				FD258B9C1F72284B00E73E7F /* Products */,
			);
			sourceTree = "<group>";
		};
		FD258B9C1F72284B00E73E7F /* Products */ = {
			isa = PBXGroup;
			children = (
				FD258B9B1F72284B00E73E7F /* 03.View.app */,
			);
			name = Products;
			sourceTree = "<group>";
		};
		FD258B9D1F72284B00E73E7F /* 03.View */ = {
			isa = PBXGroup;
			children = (
				FD258B9E1F72284B00E73E7F /* AppDelegate.swift */,
				FD258BA01F72284B00E73E7F /* ViewController.swift */,
				FD258BA21F72284B00E73E7F /* Main.storyboard */,
				FD258BA51F72284B00E73E7F /* Assets.xcassets */,
				FD258BA71F72284B00E73E7F /* LaunchScreen.storyboard */,
				FD258BAA1F72284B00E73E7F /* Info.plist */,
			);
			path = 03.View;
			sourceTree = "<group>";
		};
/* End PBXGroup section */

/* Begin PBXNativeTarget section */
		FD258B9A1F72284B00E73E7F /* 03.View */ = {
			isa = PBXNativeTarget;
			buildConfigurationList = FD258BAD1F72284B00E73E7F /* Build configuration list for PBXNativeTarget "03.View" */;
			buildPhases = (
				FD258B971F72284B00E73E7F /* Sources */,
				FD258B981F72284B00E73E7F /* Frameworks */,
				FD258B991F72284B00E73E7F /* Resources */,
			);
			buildRules = (
			);
			dependencies = (
			);
			name = 03.View;
			productName = 03.View;
			productReference = FD258B9B1F72284B00E73E7F /* 03.View.app */;
			productType = "com.apple.product-type.application";
		};
/* End PBXNativeTarget section */

/* Begin PBXProject section */
		FD258B931F72284B00E73E7F /* Project object */ = {
			isa = PBXProject;
			attributes = {
				LastSwiftUpdateCheck = 0830;
				LastUpgradeCheck = 0830;
				ORGANIZATIONNAME = D7703_23;
				TargetAttributes = {
					FD258B9A1F72284B00E73E7F = {
						CreatedOnToolsVersion = 8.3.3;
						ProvisioningStyle = Automatic;
					};
				};
			};
			buildConfigurationList = FD258B961F72284B00E73E7F /* Build configuration list for PBXProject "03.View" */;
			compatibilityVersion = "Xcode 3.2";
			developmentRegion = English;
			hasScannedForEncodings = 0;
			knownRegions = (
				en,
				Base,
			);
			mainGroup = FD258B921F72284B00E73E7F;
			productRefGroup = FD258B9C1F72284B00E73E7F /* Products */;
			projectDirPath = "";
			projectRoot = "";
			targets = (
				FD258B9A1F72284B00E73E7F /* 03.View */,
			);
		};
/* End PBXProject section */

/* Begin PBXResourcesBuildPhase section */
		FD258B991F72284B00E73E7F /* Resources */ = {
			isa = PBXResourcesBuildPhase;
			buildActionMask = 2147483647;
			files = (
				FD258BA91F72284B00E73E7F /* LaunchScreen.storyboard in Resources */,
				FD258BA61F72284B00E73E7F /* Assets.xcassets in Resources */,
				FD258BA41F72284B00E73E7F /* Main.storyboard in Resources */,
			);
			runOnlyForDeploymentPostprocessing = 0;
		};
/* End PBXResourcesBuildPhase section */

/* Begin PBXSourcesBuildPhase section */
		FD258B971F72284B00E73E7F /* Sources */ = {
			isa = PBXSourcesBuildPhase;
			buildActionMask = 2147483647;
			files = (
				FD258BA11F72284B00E73E7F /* ViewController.swift in Sources */,
				FD258B9F1F72284B00E73E7F /* AppDelegate.swift in Sources */,
			);
			runOnlyForDeploymentPostprocessing = 0;
		};
/* End PBXSourcesBuildPhase section */

/* Begin PBXVariantGroup section */
		FD258BA21F72284B00E73E7F /* Main.storyboard */ = {
			isa = PBXVariantGroup;
			children = (
				FD258BA31F72284B00E73E7F /* Base */,
			);
			name = Main.storyboard;
			sourceTree = "<group>";
		};
		FD258BA71F72284B00E73E7F /* LaunchScreen.storyboard */ = {
			isa = PBXVariantGroup;
			children = (
				FD258BA81F72284B00E73E7F /* Base */,
			);
			name = LaunchScreen.storyboard;
			sourceTree = "<group>";
		};
/* End PBXVariantGroup section */

/* Begin XCBuildConfiguration section */
		FD258BAB1F72284B00E73E7F /* Debug */ = {
			isa = XCBuildConfiguration;
			buildSettings = {
				ALWAYS_SEARCH_USER_PATHS = NO;
				CLANG_ANALYZER_NONNULL = YES;
				CLANG_ANALYZER_NUMBER_OBJECT_CONVERSION = YES_AGGRESSIVE;
				CLANG_CXX_LANGUAGE_STANDARD = "gnu++0x";
				CLANG_CXX_LIBRARY = "libc++";
				CLANG_ENABLE_MODULES = YES;
				CLANG_ENABLE_OBJC_ARC = YES;
				CLANG_WARN_BOOL_CONVERSION = YES;
				CLANG_WARN_CONSTANT_CONVERSION = YES;
				CLANG_WARN_DIRECT_OBJC_ISA_USAGE = YES_ERROR;
				CLANG_WARN_DOCUMENTATION_COMMENTS = YES;
				CLANG_WARN_EMPTY_BODY = YES;
				CLANG_WARN_ENUM_CONVERSION = YES;
				CLANG_WARN_INFINITE_RECURSION = YES;
				CLANG_WARN_INT_CONVERSION = YES;
				CLANG_WARN_OBJC_ROOT_CLASS = YES_ERROR;
				CLANG_WARN_SUSPICIOUS_MOVE = YES;
				CLANG_WARN_UNREACHABLE_CODE = YES;
				CLANG_WARN__DUPLICATE_METHOD_MATCH = YES;
				"CODE_SIGN_IDENTITY[sdk=iphoneos*]" = "iPhone Developer";
				COPY_PHASE_STRIP = NO;
				DEBUG_INFORMATION_FORMAT = dwarf;
				ENABLE_STRICT_OBJC_MSGSEND = YES;
				ENABLE_TESTABILITY = YES;
				GCC_C_LANGUAGE_STANDARD = gnu99;
				GCC_DYNAMIC_NO_PIC = NO;
				GCC_NO_COMMON_BLOCKS = YES;
				GCC_OPTIMIZATION_LEVEL = 0;
				GCC_PREPROCESSOR_DEFINITIONS = (
					"DEBUG=1",
					"$(inherited)",
				);
				GCC_WARN_64_TO_32_BIT_CONVERSION = YES;
				GCC_WARN_ABOUT_RETURN_TYPE = YES_ERROR;
				GCC_WARN_UNDECLARED_SELECTOR = YES;
				GCC_WARN_UNINITIALIZED_AUTOS = YES_AGGRESSIVE;
				GCC_WARN_UNUSED_FUNCTION = YES;
				GCC_WARN_UNUSED_VARIABLE = YES;
				IPHONEOS_DEPLOYMENT_TARGET = 10.3;
				MTL_ENABLE_DEBUG_INFO = YES;
				ONLY_ACTIVE_ARCH = YES;
				SDKROOT = iphoneos;
				SWIFT_ACTIVE_COMPILATION_CONDITIONS = DEBUG;
				SWIFT_OPTIMIZATION_LEVEL = "-Onone";
			};
			name = Debug;
		};
		FD258BAC1F72284B00E73E7F /* Release */ = {
			isa = XCBuildConfiguration;
			buildSettings = {
				ALWAYS_SEARCH_USER_PATHS = NO;
				CLANG_ANALYZER_NONNULL = YES;
				CLANG_ANALYZER_NUMBER_OBJECT_CONVERSION = YES_AGGRESSIVE;
				CLANG_CXX_LANGUAGE_STANDARD = "gnu++0x";
				CLANG_CXX_LIBRARY = "libc++";
				CLANG_ENABLE_MODULES = YES;
				CLANG_ENABLE_OBJC_ARC = YES;
				CLANG_WARN_BOOL_CONVERSION = YES;
				CLANG_WARN_CONSTANT_CONVERSION = YES;
				CLANG_WARN_DIRECT_OBJC_ISA_USAGE = YES_ERROR;
				CLANG_WARN_DOCUMENTATION_COMMENTS = YES;
				CLANG_WARN_EMPTY_BODY = YES;
				CLANG_WARN_ENUM_CONVERSION = YES;
				CLANG_WARN_INFINITE_RECURSION = YES;
				CLANG_WARN_INT_CONVERSION = YES;
				CLANG_WARN_OBJC_ROOT_CLASS = YES_ERROR;
				CLANG_WARN_SUSPICIOUS_MOVE = YES;
				CLANG_WARN_UNREACHABLE_CODE = YES;
				CLANG_WARN__DUPLICATE_METHOD_MATCH = YES;
				"CODE_SIGN_IDENTITY[sdk=iphoneos*]" = "iPhone Developer";
				COPY_PHASE_STRIP = NO;
				DEBUG_INFORMATION_FORMAT = "dwarf-with-dsym";
				ENABLE_NS_ASSERTIONS = NO;
				ENABLE_STRICT_OBJC_MSGSEND = YES;
				GCC_C_LANGUAGE_STANDARD = gnu99;
				GCC_NO_COMMON_BLOCKS = YES;
				GCC_WARN_64_TO_32_BIT_CONVERSION = YES;
				GCC_WARN_ABOUT_RETURN_TYPE = YES_ERROR;
				GCC_WARN_UNDECLARED_SELECTOR = YES;
				GCC_WARN_UNINITIALIZED_AUTOS = YES_AGGRESSIVE;
				GCC_WARN_UNUSED_FUNCTION = YES;
				GCC_WARN_UNUSED_VARIABLE = YES;
				IPHONEOS_DEPLOYMENT_TARGET = 10.3;
				MTL_ENABLE_DEBUG_INFO = NO;
				SDKROOT = iphoneos;
				SWIFT_OPTIMIZATION_LEVEL = "-Owholemodule";
				VALIDATE_PRODUCT = YES;
			};
			name = Release;
		};
		FD258BAE1F72284B00E73E7F /* Debug */ = {
			isa = XCBuildConfiguration;
			buildSettings = {
				ASSETCATALOG_COMPILER_APPICON_NAME = AppIcon;
				INFOPLIST_FILE = 03.View/Info.plist;
				LD_RUNPATH_SEARCH_PATHS = "$(inherited) @executable_path/Frameworks";
				PRODUCT_BUNDLE_IDENTIFIER = "dit.ac.kr.-3-View";
				PRODUCT_NAME = "$(TARGET_NAME)";
				SWIFT_VERSION = 3.0;
			};
			name = Debug;
		};
		FD258BAF1F72284B00E73E7F /* Release */ = {
			isa = XCBuildConfiguration;
			buildSettings = {
				ASSETCATALOG_COMPILER_APPICON_NAME = AppIcon;
				INFOPLIST_FILE = 03.View/Info.plist;
				LD_RUNPATH_SEARCH_PATHS = "$(inherited) @executable_path/Frameworks";
				PRODUCT_BUNDLE_IDENTIFIER = "dit.ac.kr.-3-View";
				PRODUCT_NAME = "$(TARGET_NAME)";
				SWIFT_VERSION = 3.0;
			};
			name = Release;
		};
/* End XCBuildConfiguration section */

/* Begin XCConfigurationList section */
		FD258B961F72284B00E73E7F /* Build configuration list for PBXProject "03.View" */ = {
			isa = XCConfigurationList;
			buildConfigurations = (
				FD258BAB1F72284B00E73E7F /* Debug */,
				FD258BAC1F72284B00E73E7F /* Release */,
			);
			defaultConfigurationIsVisible = 0;
			defaultConfigurationName = Release;
		};
		FD258BAD1F72284B00E73E7F /* Build configuration list for PBXNativeTarget "03.View" */ = {
			isa = XCConfigurationList;
			buildConfigurations = (
				FD258BAE1F72284B00E73E7F /* Debug */,
				FD258BAF1F72284B00E73E7F /* Release */,
			);
			defaultConfigurationIsVisible = 0;
		};
/* End XCConfigurationList section */
	};
	rootObject = FD258B931F72284B00E73E7F /* Project object */;
}
